{
  "name": "mango-plugin-template",
  "version": "1.0.0",
  "lockfileVersion": 3,
  "requires": true,
  "packages": {
    "": {
      "name": "mango-plugin-template",
      "version": "1.0.0",
      "license": "MIT",
      "dependencies": {
        "@genius257/mango-plugin": "^1.0.3"
      },
      "devDependencies": {
        "typescript": "^5.2.2"
      }
    },
    "node_modules/@genius257/mango-plugin": {
      "version": "1.0.4",
      "resolved": "https://registry.npmjs.org/@genius257/mango-plugin/-/mango-plugin-1.0.4.tgz",
      "integrity": "sha512-D8LMIISlICcSKUFqdWgofQKOcOfDH+ElpZtvW9cg57ZbDFmsirnSEMf7bZDbR+RTbcV7vF9zV1oSi61GIXihmA=="
    },
    "node_modules/typescript": {
      "version": "5.2.2",
      "resolved": "https://registry.npmjs.org/typescript/-/typescript-5.2.2.tgz",
      "integrity": "sha512-mI4WrpHsbCIcwT9cF4FZvr80QUeKvsUsUvKDoR+X/7XHQH98xYD8YHZg7ANtz2GtZt/CBq2QJ0thkGJMHfqc1w==",
      "dev": true,
      "bin": {
        "tsc": "bin/tsc",
        "tsserver": "bin/tsserver"
      },
      "engines": {
        "node": ">=14.17"
      }
    }
  }
}
